lockfileVersion: '6.0'

settings:
  autoInstallPeers: true
  excludeLinksFromLockfile: false

dependencies:
  antd:
    specifier: ^5.5.2
    version: 5.5.2(react-dom@18.2.0)(react@18.2.0)
  next:
    specifier: ^13.4.3
    version: 13.4.3(react-dom@18.2.0)(react@18.2.0)
  react:
    specifier: ^18.2.0
    version: 18.2.0
  react-dom:
    specifier: ^18.2.0
    version: 18.2.0(react@18.2.0)

devDependencies:
  '@types/node':
    specifier: ^20.2.4
    version: 20.2.4
  '@types/react':
    specifier: ^18.2.7
    version: 18.2.7
  typescript:
    specifier: ^5.0.4
    version: 5.0.4

packages:

  /@ant-design/colors@7.0.0:
    resolution: {integrity: sha512-iVm/9PfGCbC0dSMBrz7oiEXZaaGH7ceU40OJEfKmyuzR9R5CRimJYPlRiFtMQGQcbNMea/ePcoIebi4ASGYXtg==}
    dependencies:
      '@ctrl/tinycolor': 3.6.0
    dev: false

  /@ant-design/cssinjs@1.10.1(react-dom@18.2.0)(react@18.2.0):
    resolution: {integrity: sha512-PSoJS8RMzn95ZRg007dJGr6AU0Zim/O+tTN0xmXmh9CkIl4y3wuOr2Zhehaj7s130wPSYDVvahf3DKT50w/Zhw==}
    peerDependencies:
      react: '>=16.0.0'
      react-dom: '>=16.0.0'
    dependencies:
      '@babel/runtime': 7.22.5
      '@emotion/hash': 0.8.0
      '@emotion/unitless': 0.7.5
      classnames: 2.3.2
      csstype: 3.1.2
      rc-util: 5.34.0(react-dom@18.2.0)(react@18.2.0)
      react: 18.2.0
      react-dom: 18.2.0(react@18.2.0)
      stylis: 4.3.0
    dev: false

  /@ant-design/icons-svg@4.2.1:
    resolution: {integrity: sha512-EB0iwlKDGpG93hW8f85CTJTs4SvMX7tt5ceupvhALp1IF44SeUFOMhKUOYqpsoYWQKAOuTRDMqn75rEaKDp0Xw==}
    dev: false

  /@ant-design/icons@5.1.4(react-dom@18.2.0)(react@18.2.0):
    resolution: {integrity: sha512-YHKL7Jx3bM12OxvtiYDon04BsBT/6LGitYEqar3GljzWaAyMOAD8i/uF1Rsi5Us/YNdWWXBGSvZV2OZWMpJlcA==}
    engines: {node: '>=8'}
    peerDependencies:
      react: '>=16.0.0'
      react-dom: '>=16.0.0'
    dependencies:
      '@ant-design/colors': 7.0.0
      '@ant-design/icons-svg': 4.2.1
      '@babel/runtime': 7.22.5
      classnames: 2.3.2
      rc-util: 5.34.0(react-dom@18.2.0)(react@18.2.0)
      react: 18.2.0
      react-dom: 18.2.0(react@18.2.0)
    dev: false

  /@ant-design/react-slick@1.0.1(react@18.2.0):
    resolution: {integrity: sha512-ARM0TmpGdDuUVE10NwUCENQlJSInNKo5NiBjL5szu5BxWNEHNwQMcDrlVCqFbkvFLy+2CvywW8Y59QJtC0YDag==}
    peerDependencies:
      react: '>=16.9.0'
    dependencies:
      '@babel/runtime': 7.22.5
      classnames: 2.3.2
      json2mq: 0.2.0
      react: 18.2.0
      resize-observer-polyfill: 1.5.1
      throttle-debounce: 5.0.0
    dev: false

  /@babel/runtime@7.22.5:
    resolution: {integrity: sha512-ecjvYlnAaZ/KVneE/OdKYBYfgXV3Ptu6zQWmgEF7vwKhQnvVS6bjMD2XYgj+SNvQ1GfK/pjgokfPkC/2CO8CuA==}
    engines: {node: '>=6.9.0'}
    dependencies:
      regenerator-runtime: 0.13.11
    dev: false

  /@ctrl/tinycolor@3.6.0:
    resolution: {integrity: sha512-/Z3l6pXthq0JvMYdUFyX9j0MaCltlIn6mfh9jLyQwg5aPKxkyNa0PTHtU1AlFXLNk55ZuAeJRcpvq+tmLfKmaQ==}
    engines: {node: '>=10'}
    dev: false

  /@emotion/hash@0.8.0:
    resolution: {integrity: sha512-kBJtf7PH6aWwZ6fka3zQ0p6SBYzx4fl1LoZXE2RrnYST9Xljm7WfKJrU4g/Xr3Beg72MLrp1AWNUmuYJTL7Cow==}
    dev: false

  /@emotion/unitless@0.7.5:
    resolution: {integrity: sha512-OWORNpfjMsSSUBVrRBVGECkhWcULOAJz9ZW8uK9qgxD+87M7jHRcvh/A96XXNhXTLmKcoYSQtBEX7lHMO7YRwg==}
    dev: false

  /@next/env@13.4.3:
    resolution: {integrity: sha512-pa1ErjyFensznttAk3EIv77vFbfSYT6cLzVRK5jx4uiRuCQo+m2wCFAREaHKIy63dlgvOyMlzh6R8Inu8H3KrQ==}
    dev: false

  /@next/swc-darwin-arm64@13.4.3:
    resolution: {integrity: sha512-yx18udH/ZmR4Bw4M6lIIPE3JxsAZwo04iaucEfA2GMt1unXr2iodHUX/LAKNyi6xoLP2ghi0E+Xi1f4Qb8f1LQ==}
    engines: {node: '>= 10'}
    cpu: [arm64]
    os: [darwin]
    requiresBuild: true
    dev: false
    optional: true

  /@next/swc-darwin-x64@13.4.3:
    resolution: {integrity: sha512-Mi8xJWh2IOjryAM1mx18vwmal9eokJ2njY4nDh04scy37F0LEGJ/diL6JL6kTXi0UfUCGbMsOItf7vpReNiD2A==}
    engines: {node: '>= 10'}
    cpu: [x64]
    os: [darwin]
    requiresBuild: true
    dev: false
    optional: true

  /@next/swc-linux-arm64-gnu@13.4.3:
    resolution: {integrity: sha512-aBvtry4bxJ1xwKZ/LVPeBGBwWVwxa4bTnNkRRw6YffJnn/f4Tv4EGDPaVeYHZGQVA56wsGbtA6nZMuWs/EIk4Q==}
    engines: {node: '>= 10'}
    cpu: [arm64]
    os: [linux]
    requiresBuild: true
    dev: false
    optional: true

  /@next/swc-linux-arm64-musl@13.4.3:
    resolution: {integrity: sha512-krT+2G3kEsEUvZoYte3/2IscscDraYPc2B+fDJFipPktJmrv088Pei/RjrhWm5TMIy5URYjZUoDZdh5k940Dyw==}
    engines: {node: '>= 10'}
    cpu: [arm64]
    os: [linux]
    requiresBuild: true
    dev: false
    optional: true

  /@next/swc-linux-x64-gnu@13.4.3:
    resolution: {integrity: sha512-AMdFX6EKJjC0G/CM6hJvkY8wUjCcbdj3Qg7uAQJ7PVejRWaVt0sDTMavbRfgMchx8h8KsAudUCtdFkG9hlEClw==}
    engines: {node: '>= 10'}
    cpu: [x64]
    os: [linux]
    requiresBuild: true
    dev: false
    optional: true

  /@next/swc-linux-x64-musl@13.4.3:
    resolution: {integrity: sha512-jySgSXE48shaLtcQbiFO9ajE9mqz7pcAVLnVLvRIlUHyQYR/WyZdK8ehLs65Mz6j9cLrJM+YdmdJPyV4WDaz2g==}
    engines: {node: '>= 10'}
    cpu: [x64]
    os: [linux]
    requiresBuild: true
    dev: false
    optional: true

  /@next/swc-win32-arm64-msvc@13.4.3:
    resolution: {integrity: sha512-5DxHo8uYcaADiE9pHrg8o28VMt/1kR8voDehmfs9AqS0qSClxAAl+CchjdboUvbCjdNWL1MISCvEfKY2InJ3JA==}
    engines: {node: '>= 10'}
    cpu: [arm64]
    os: [win32]
    requiresBuild: true
    dev: false
    optional: true

  /@next/swc-win32-ia32-msvc@13.4.3:
    resolution: {integrity: sha512-LaqkF3d+GXRA5X6zrUjQUrXm2MN/3E2arXBtn5C7avBCNYfm9G3Xc646AmmmpN3DJZVaMYliMyCIQCMDEzk80w==}
    engines: {node: '>= 10'}
    cpu: [ia32]
    os: [win32]
    requiresBuild: true
    dev: false
    optional: true

  /@next/swc-win32-x64-msvc@13.4.3:
    resolution: {integrity: sha512-jglUk/x7ZWeOJWlVoKyIAkHLTI+qEkOriOOV+3hr1GyiywzcqfI7TpFSiwC7kk1scOiH7NTFKp8mA3XPNO9bDw==}
    engines: {node: '>= 10'}
    cpu: [x64]
    os: [win32]
    requiresBuild: true
    dev: false
    optional: true

  /@rc-component/color-picker@1.2.0(react-dom@18.2.0)(react@18.2.0):
    resolution: {integrity: sha512-IitJ6RWGHs7btI1AqzGPrehr5bueWLGDUyMKwDwvFunfSDo/o8g/95kUG55vC5EYLM0ZJ3SDfw45OrW5KAx3oA==}
    peerDependencies:
      react: '>=16.9.0'
      react-dom: '>=16.9.0'
    dependencies:
      '@babel/runtime': 7.22.5
      '@ctrl/tinycolor': 3.6.0
      classnames: 2.3.2
      rc-util: 5.34.0(react-dom@18.2.0)(react@18.2.0)
      react: 18.2.0
      react-dom: 18.2.0(react@18.2.0)
    dev: false

  /@rc-component/context@1.3.0(react-dom@18.2.0)(react@18.2.0):
    resolution: {integrity: sha512-6QdaCJ7Wn5UZLJs15IEfqy4Ru3OaL5ctqpQYWd5rlfV9wwzrzdt6+kgAQZV/qdB0MUPN4nhyBfRembQCIvBf+w==}
    peerDependencies:
      react: '>=16.9.0'
      react-dom: '>=16.9.0'
    dependencies:
      '@babel/runtime': 7.22.5
      rc-util: 5.34.0(react-dom@18.2.0)(react@18.2.0)
      react: 18.2.0
      react-dom: 18.2.0(react@18.2.0)
    dev: false

  /@rc-component/mini-decimal@1.1.0:
    resolution: {integrity: sha512-jS4E7T9Li2GuYwI6PyiVXmxTiM6b07rlD9Ge8uGZSCz3WlzcG5ZK7g5bbuKNeZ9pgUuPK/5guV781ujdVpm4HQ==}
    engines: {node: '>=8.x'}
    dependencies:
      '@babel/runtime': 7.22.5
    dev: false

  /@rc-component/mutate-observer@1.0.0(react-dom@18.2.0)(react@18.2.0):
    resolution: {integrity: sha512-okqRJSfNisXdI6CUeOLZC5ukBW/8kir2Ii4PJiKpUt+3+uS7dxwJUMxsUZquxA1rQuL8YcEmKVp/TCnR+yUdZA==}
    engines: {node: '>=8.x'}
    peerDependencies:
      react: '>=16.9.0'
      react-dom: '>=16.9.0'
    dependencies:
      '@babel/runtime': 7.22.5
      classnames: 2.3.2
      rc-util: 5.34.0(react-dom@18.2.0)(react@18.2.0)
      react: 18.2.0
      react-dom: 18.2.0(react@18.2.0)
    dev: false

  /@rc-component/portal@1.1.1(react-dom@18.2.0)(react@18.2.0):
    resolution: {integrity: sha512-m8w3dFXX0H6UkJ4wtfrSwhe2/6M08uz24HHrF8pWfAXPwA9hwCuTE5per/C86KwNLouRpwFGcr7LfpHaa1F38g==}
    engines: {node: '>=8.x'}
    peerDependencies:
      react: '>=16.9.0'
      react-dom: '>=16.9.0'
    dependencies:
      '@babel/runtime': 7.22.5
      classnames: 2.3.2
      rc-util: 5.34.0(react-dom@18.2.0)(react@18.2.0)
      react: 18.2.0
      react-dom: 18.2.0(react@18.2.0)
    dev: false

  /@rc-component/tour@1.8.0(react-dom@18.2.0)(react@18.2.0):
    resolution: {integrity: sha512-rrRGioHTLQlGca27G2+lw7QpRb3uuMYCUIJjj31/B44VCJS0P2tqYhOgtzvWQmaLMlWH3ZlpzotkKX13NT4XEA==}
    engines: {node: '>=8.x'}
    peerDependencies:
      react: '>=16.9.0'
      react-dom: '>=16.9.0'
    dependencies:
      '@babel/runtime': 7.22.5
      '@rc-component/portal': 1.1.1(react-dom@18.2.0)(react@18.2.0)
      '@rc-component/trigger': 1.14.1(react-dom@18.2.0)(react@18.2.0)
      classnames: 2.3.2
      rc-util: 5.34.0(react-dom@18.2.0)(react@18.2.0)
      react: 18.2.0
      react-dom: 18.2.0(react@18.2.0)
    dev: false

  /@rc-component/trigger@1.14.1(react-dom@18.2.0)(react@18.2.0):
    resolution: {integrity: sha512-P6guwJV0etdP4pPEl3MY6SlqNuAhHfV1b793b/oXE8LTQJDR+kaxYZ0E8tFgZtnDr+FZ4zL/Txg5ri2cT2V3lg==}
    engines: {node: '>=8.x'}
    peerDependencies:
      react: '>=16.9.0'
      react-dom: '>=16.9.0'
    dependencies:
      '@babel/runtime': 7.22.5
      '@rc-component/portal': 1.1.1(react-dom@18.2.0)(react@18.2.0)
      classnames: 2.3.2
      rc-align: 4.0.15(react-dom@18.2.0)(react@18.2.0)
      rc-motion: 2.7.3(react-dom@18.2.0)(react@18.2.0)
      rc-resize-observer: 1.3.1(react-dom@18.2.0)(react@18.2.0)
      rc-util: 5.34.0(react-dom@18.2.0)(react@18.2.0)
      react: 18.2.0
      react-dom: 18.2.0(react@18.2.0)
    dev: false

  /@swc/helpers@0.5.1:
    resolution: {integrity: sha512-sJ902EfIzn1Fa+qYmjdQqh8tPsoxyBz+8yBKC2HKUxyezKJFwPGOn7pv4WY6QuQW//ySQi5lJjA/ZT9sNWWNTg==}
    dependencies:
      tslib: 2.6.0
    dev: false

  /@types/node@20.2.4:
    resolution: {integrity: sha512-ni5f8Xlf4PwnT/Z3f0HURc3ZSw8UyrqMqmM3L5ysa7VjHu8c3FOmIo1nKCcLrV/OAmtf3N4kFna/aJqxsfEtnA==}
    dev: true

  /@types/prop-types@15.7.5:
    resolution: {integrity: sha512-JCB8C6SnDoQf0cNycqd/35A7MjcnK+ZTqE7judS6o7utxUCg6imJg3QK2qzHKszlTjcj2cn+NwMB2i96ubpj7w==}
    dev: true

  /@types/react@18.2.7:
    resolution: {integrity: sha512-ojrXpSH2XFCmHm7Jy3q44nXDyN54+EYKP2lBhJ2bqfyPj6cIUW/FZW/Csdia34NQgq7KYcAlHi5184m4X88+yw==}
    dependencies:
      '@types/prop-types': 15.7.5
      '@types/scheduler': 0.16.3
      csstype: 3.1.2
    dev: true

  /@types/scheduler@0.16.3:
    resolution: {integrity: sha512-5cJ8CB4yAx7BH1oMvdU0Jh9lrEXyPkar6F9G/ERswkCuvP4KQZfZkSjcMbAICCpQTN4OuZn8tz0HiKv9TGZgrQ==}
    dev: true

  /antd@5.5.2(react-dom@18.2.0)(react@18.2.0):
    resolution: {integrity: sha512-qILOJj7QPLy/PHQIyPHEW6kto6okw+epumlcC01jL+Sph0HBX109MWaLDXAsgc3+WEH1haEffqw9vyZ4KYfk0Q==}
    peerDependencies:
      react: '>=16.9.0'
      react-dom: '>=16.9.0'
    dependencies:
      '@ant-design/colors': 7.0.0
      '@ant-design/cssinjs': 1.10.1(react-dom@18.2.0)(react@18.2.0)
      '@ant-design/icons': 5.1.4(react-dom@18.2.0)(react@18.2.0)
      '@ant-design/react-slick': 1.0.1(react@18.2.0)
      '@babel/runtime': 7.22.5
      '@ctrl/tinycolor': 3.6.0
      '@rc-component/color-picker': 1.2.0(react-dom@18.2.0)(react@18.2.0)
      '@rc-component/mutate-observer': 1.0.0(react-dom@18.2.0)(react@18.2.0)
      '@rc-component/tour': 1.8.0(react-dom@18.2.0)(react@18.2.0)
      '@rc-component/trigger': 1.14.1(react-dom@18.2.0)(react@18.2.0)
      classnames: 2.3.2
      copy-to-clipboard: 3.3.3
      dayjs: 1.11.9
      qrcode.react: 3.1.0(react@18.2.0)
      rc-cascader: 3.12.0(react-dom@18.2.0)(react@18.2.0)
      rc-checkbox: 3.0.1(react-dom@18.2.0)(react@18.2.0)
      rc-collapse: 3.5.2(react-dom@18.2.0)(react@18.2.0)
      rc-dialog: 9.1.0(react-dom@18.2.0)(react@18.2.0)
      rc-drawer: 6.1.6(react-dom@18.2.0)(react@18.2.0)
      rc-dropdown: 4.1.0(react-dom@18.2.0)(react@18.2.0)
      rc-field-form: 1.32.2(react-dom@18.2.0)(react@18.2.0)
      rc-image: 5.16.0(react-dom@18.2.0)(react@18.2.0)
      rc-input: 1.0.4(react-dom@18.2.0)(react@18.2.0)
      rc-input-number: 7.4.2(react-dom@18.2.0)(react@18.2.0)
      rc-mentions: 2.2.0(react-dom@18.2.0)(react@18.2.0)
      rc-menu: 9.8.4(react-dom@18.2.0)(react@18.2.0)
      rc-motion: 2.7.3(react-dom@18.2.0)(react@18.2.0)
      rc-notification: 5.0.4(react-dom@18.2.0)(react@18.2.0)
      rc-pagination: 3.4.2(react-dom@18.2.0)(react@18.2.0)
      rc-picker: 3.7.6(dayjs@1.11.9)(react-dom@18.2.0)(react@18.2.0)
      rc-progress: 3.4.2(react-dom@18.2.0)(react@18.2.0)
      rc-rate: 2.10.0(react-dom@18.2.0)(react@18.2.0)
      rc-resize-observer: 1.3.1(react-dom@18.2.0)(react@18.2.0)
      rc-segmented: 2.2.2(react-dom@18.2.0)(react@18.2.0)
      rc-select: 14.5.2(react-dom@18.2.0)(react@18.2.0)
      rc-slider: 10.1.1(react-dom@18.2.0)(react@18.2.0)
      rc-steps: 6.0.0(react-dom@18.2.0)(react@18.2.0)
      rc-switch: 4.1.0(react-dom@18.2.0)(react@18.2.0)
      rc-table: 7.32.1(react-dom@18.2.0)(react@18.2.0)
      rc-tabs: 12.6.0(react-dom@18.2.0)(react@18.2.0)
      rc-textarea: 1.2.3(react-dom@18.2.0)(react@18.2.0)
      rc-tooltip: 6.0.1(react-dom@18.2.0)(react@18.2.0)
      rc-tree: 5.7.8(react-dom@18.2.0)(react@18.2.0)
      rc-tree-select: 5.9.0(react-dom@18.2.0)(react@18.2.0)
      rc-upload: 4.3.4(react-dom@18.2.0)(react@18.2.0)
      rc-util: 5.34.0(react-dom@18.2.0)(react@18.2.0)
      react: 18.2.0
      react-dom: 18.2.0(react@18.2.0)
      scroll-into-view-if-needed: 3.0.10
      throttle-debounce: 5.0.0
    transitivePeerDependencies:
      - date-fns
      - luxon
      - moment
    dev: false

  /array-tree-filter@2.1.0:
    resolution: {integrity: sha512-4ROwICNlNw/Hqa9v+rk5h22KjmzB1JGTMVKP2AKJBOCgb0yL0ASf0+YvCcLNNwquOHNX48jkeZIJ3a+oOQqKcw==}
    dev: false

  /async-validator@4.2.5:
    resolution: {integrity: sha512-7HhHjtERjqlNbZtqNqy2rckN/SpOOlmDliet+lP7k+eKZEjPk3DgyeU9lIXLdeLz0uBbbVp+9Qdow9wJWgwwfg==}
    dev: false

  /busboy@1.6.0:
    resolution: {integrity: sha512-8SFQbg/0hQ9xy3UNTB0YEnsNBbWfhf7RtnzpL7TkBiTBRfrQ9Fxcnz7VJsleJpyp6rVLvXiuORqjlHi5q+PYuA==}
    engines: {node: '>=10.16.0'}
    dependencies:
      streamsearch: 1.1.0
    dev: false

  /caniuse-lite@1.0.30001509:
    resolution: {integrity: sha512-2uDDk+TRiTX5hMcUYT/7CSyzMZxjfGu0vAUjS2g0LSD8UoXOv0LtpH4LxGMemsiPq6LCVIUjNwVM0erkOkGCDA==}
    dev: false

  /classnames@2.3.2:
    resolution: {integrity: sha512-CSbhY4cFEJRe6/GQzIk5qXZ4Jeg5pcsP7b5peFSDpffpe1cqjASH/n9UTjBwOp6XpMSTwQ8Za2K5V02ueA7Tmw==}
    dev: false

  /client-only@0.0.1:
    resolution: {integrity: sha512-IV3Ou0jSMzZrd3pZ48nLkT9DA7Ag1pnPzaiQhpW7c3RbcqqzvzzVu+L8gfqMp/8IM2MQtSiqaCxrrcfu8I8rMA==}
    dev: false

  /compute-scroll-into-view@3.0.3:
    resolution: {integrity: sha512-nadqwNxghAGTamwIqQSG433W6OADZx2vCo3UXHNrzTRHK/htu+7+L0zhjEoaeaQVNAi3YgqWDv8+tzf0hRfR+A==}
    dev: false

  /copy-to-clipboard@3.3.3:
    resolution: {integrity: sha512-2KV8NhB5JqC3ky0r9PMCAZKbUHSwtEo4CwCs0KXgruG43gX5PMqDEBbVU4OUzw2MuAWUfsuFmWvEKG5QRfSnJA==}
    dependencies:
      toggle-selection: 1.0.6
    dev: false

  /csstype@3.1.2:
    resolution: {integrity: sha512-I7K1Uu0MBPzaFKg4nI5Q7Vs2t+3gWWW648spaF+Rg7pI9ds18Ugn+lvg4SHczUdKlHI5LWBXyqfS8+DufyBsgQ==}

  /dayjs@1.11.9:
    resolution: {integrity: sha512-QvzAURSbQ0pKdIye2txOzNaHmxtUBXerpY0FJsFXUMKbIZeFm5ht1LS/jFsrncjnmtv8HsG0W2g6c0zUjZWmpA==}
    dev: false

  /dom-align@1.12.4:
    resolution: {integrity: sha512-R8LUSEay/68zE5c8/3BDxiTEvgb4xZTF0RKmAHfiEVN3klfIpXfi2/QCoiWPccVQ0J/ZGdz9OjzL4uJEP/MRAw==}
    dev: false

  /js-tokens@4.0.0:
    resolution: {integrity: sha512-RdJUflcE3cUzKiMqQgsCu06FPu9UdIJO0beYbPhHN4k6apgJtifcoCtT9bcxOpYBtpD2kCM6Sbzg4CausW/PKQ==}
    dev: false

  /json2mq@0.2.0:
    resolution: {integrity: sha512-SzoRg7ux5DWTII9J2qkrZrqV1gt+rTaoufMxEzXbS26Uid0NwaJd123HcoB80TgubEppxxIGdNxCx50fEoEWQA==}
    dependencies:
      string-convert: 0.2.1
    dev: false

  /loose-envify@1.4.0:
    resolution: {integrity: sha512-lyuxPGr/Wfhrlem2CL/UcnUc1zcqKAImBDzukY7Y5F/yQiNdko6+fRLevlw1HgMySw7f611UIY408EtxRSoK3Q==}
    hasBin: true
    dependencies:
      js-tokens: 4.0.0
    dev: false

  /nanoid@3.3.6:
    resolution: {integrity: sha512-BGcqMMJuToF7i1rt+2PWSNVnWIkGCU78jBG3RxO/bZlnZPK2Cmi2QaffxGO/2RvWi9sL+FAiRiXMgsyxQ1DIDA==}
    engines: {node: ^10 || ^12 || ^13.7 || ^14 || >=15.0.1}
    hasBin: true
    dev: false

  /next@13.4.3(react-dom@18.2.0)(react@18.2.0):
    resolution: {integrity: sha512-FV3pBrAAnAIfOclTvncw9dDohyeuEEXPe5KNcva91anT/rdycWbgtu3IjUj4n5yHnWK8YEPo0vrUecHmnmUNbA==}
    engines: {node: '>=16.8.0'}
    hasBin: true
    peerDependencies:
      '@opentelemetry/api': ^1.1.0
      fibers: '>= 3.1.0'
      node-sass: ^6.0.0 || ^7.0.0
      react: ^18.2.0
      react-dom: ^18.2.0
      sass: ^1.3.0
    peerDependenciesMeta:
      '@opentelemetry/api':
        optional: true
      fibers:
        optional: true
      node-sass:
        optional: true
      sass:
        optional: true
    dependencies:
      '@next/env': 13.4.3
      '@swc/helpers': 0.5.1
      busboy: 1.6.0
      caniuse-lite: 1.0.30001509
      postcss: 8.4.14
      react: 18.2.0
      react-dom: 18.2.0(react@18.2.0)
      styled-jsx: 5.1.1(react@18.2.0)
      zod: 3.21.4
    optionalDependencies:
      '@next/swc-darwin-arm64': 13.4.3
      '@next/swc-darwin-x64': 13.4.3
      '@next/swc-linux-arm64-gnu': 13.4.3
      '@next/swc-linux-arm64-musl': 13.4.3
      '@next/swc-linux-x64-gnu': 13.4.3
      '@next/swc-linux-x64-musl': 13.4.3
      '@next/swc-win32-arm64-msvc': 13.4.3
      '@next/swc-win32-ia32-msvc': 13.4.3
      '@next/swc-win32-x64-msvc': 13.4.3
    transitivePeerDependencies:
      - '@babel/core'
      - babel-plugin-macros
    dev: false

  /picocolors@1.0.0:
    resolution: {integrity: sha512-1fygroTLlHu66zi26VoTDv8yRgm0Fccecssto+MhsZ0D/DGW2sm8E8AjW7NU5VVTRt5GxbeZ5qBuJr+HyLYkjQ==}
    dev: false

  /postcss@8.4.14:
    resolution: {integrity: sha512-E398TUmfAYFPBSdzgeieK2Y1+1cpdxJx8yXbK/m57nRhKSmk1GB2tO4lbLBtlkfPQTDKfe4Xqv1ASWPpayPEig==}
    engines: {node: ^10 || ^12 || >=14}
    dependencies:
      nanoid: 3.3.6
      picocolors: 1.0.0
      source-map-js: 1.0.2
    dev: false

  /qrcode.react@3.1.0(react@18.2.0):
    resolution: {integrity: sha512-oyF+Urr3oAMUG/OiOuONL3HXM+53wvuH3mtIWQrYmsXoAq0DkvZp2RYUWFSMFtbdOpuS++9v+WAkzNVkMlNW6Q==}
    peerDependencies:
      react: ^16.8.0 || ^17.0.0 || ^18.0.0
    dependencies:
      react: 18.2.0
    dev: false

  /rc-align@4.0.15(react-dom@18.2.0)(react@18.2.0):
    resolution: {integrity: sha512-wqJtVH60pka/nOX7/IspElA8gjPNQKIx/ZqJ6heATCkXpe1Zg4cPVrMD2vC96wjsFFL8WsmhPbx9tdMo1qqlIA==}
    peerDependencies:
      react: '>=16.9.0'
      react-dom: '>=16.9.0'
    dependencies:
      '@babel/runtime': 7.22.5
      classnames: 2.3.2
      dom-align: 1.12.4
      rc-util: 5.34.0(react-dom@18.2.0)(react@18.2.0)
      react: 18.2.0
      react-dom: 18.2.0(react@18.2.0)
      resize-observer-polyfill: 1.5.1
    dev: false

  /rc-cascader@3.12.0(react-dom@18.2.0)(react@18.2.0):
    resolution: {integrity: sha512-QTeGPTNYX33alozNy9lYg7YKpvYVwquai/mrFRR8mHlHnK7QlqJyMqbs2p7rc5eeKARKMRTUeoN5CfO+Gr9UBw==}
    peerDependencies:
      react: '>=16.9.0'
      react-dom: '>=16.9.0'
    dependencies:
      '@babel/runtime': 7.22.5
      array-tree-filter: 2.1.0
      classnames: 2.3.2
      rc-select: 14.5.2(react-dom@18.2.0)(react@18.2.0)
      rc-tree: 5.7.8(react-dom@18.2.0)(react@18.2.0)
      rc-util: 5.34.0(react-dom@18.2.0)(react@18.2.0)
      react: 18.2.0
      react-dom: 18.2.0(react@18.2.0)
    dev: false

  /rc-checkbox@3.0.1(react-dom@18.2.0)(react@18.2.0):
    resolution: {integrity: sha512-k7nxDWxYF+jDI0ZcCvuvj71xONmWRVe5+1MKcERRR9MRyP3tZ69b+yUCSXXh+sik4/Hc9P5wHr2nnUoGS2zBjA==}
    peerDependencies:
      react: '>=16.9.0'
      react-dom: '>=16.9.0'
    dependencies:
      '@babel/runtime': 7.22.5
      classnames: 2.3.2
      rc-util: 5.34.0(react-dom@18.2.0)(react@18.2.0)
      react: 18.2.0
      react-dom: 18.2.0(react@18.2.0)
    dev: false

  /rc-collapse@3.5.2(react-dom@18.2.0)(react@18.2.0):
    resolution: {integrity: sha512-/TNiT3DW1t3sUCiVD/DPUYooJZ3BLA93/2rZsB3eM2bGJCCla2X9D2E4tgm7LGMQGy5Atb2lMUn2FQuvQNvavQ==}
    peerDependencies:
      react: '>=16.9.0'
      react-dom: '>=16.9.0'
    dependencies:
      '@babel/runtime': 7.22.5
      classnames: 2.3.2
      rc-motion: 2.7.3(react-dom@18.2.0)(react@18.2.0)
      rc-util: 5.34.0(react-dom@18.2.0)(react@18.2.0)
      react: 18.2.0
      react-dom: 18.2.0(react@18.2.0)
    dev: false

  /rc-dialog@9.1.0(react-dom@18.2.0)(react@18.2.0):
    resolution: {integrity: sha512-5ry+JABAWEbaKyYsmITtrJbZbJys8CtMyzV8Xn4LYuXMeUx5XVHNyJRoqLFE4AzBuXXzOWeaC49cg+XkxK6kHA==}
    peerDependencies:
      react: '>=16.9.0'
      react-dom: '>=16.9.0'
    dependencies:
      '@babel/runtime': 7.22.5
      '@rc-component/portal': 1.1.1(react-dom@18.2.0)(react@18.2.0)
      classnames: 2.3.2
      rc-motion: 2.7.3(react-dom@18.2.0)(react@18.2.0)
      rc-util: 5.34.0(react-dom@18.2.0)(react@18.2.0)
      react: 18.2.0
      react-dom: 18.2.0(react@18.2.0)
    dev: false

  /rc-drawer@6.1.6(react-dom@18.2.0)(react@18.2.0):
    resolution: {integrity: sha512-EBRFM9o3lPU5kYh8sFoXYA9KxpdT765HDqj/AbZWicXkhwEYUH7MjUH0ctenPCiHBxXQUgIUvK14+6rPuURd6w==}
    peerDependencies:
      react: '>=16.9.0'
      react-dom: '>=16.9.0'
    dependencies:
      '@babel/runtime': 7.22.5
      '@rc-component/portal': 1.1.1(react-dom@18.2.0)(react@18.2.0)
      classnames: 2.3.2
      rc-motion: 2.7.3(react-dom@18.2.0)(react@18.2.0)
      rc-util: 5.34.0(react-dom@18.2.0)(react@18.2.0)
      react: 18.2.0
      react-dom: 18.2.0(react@18.2.0)
    dev: false

  /rc-dropdown@4.1.0(react-dom@18.2.0)(react@18.2.0):
    resolution: {integrity: sha512-VZjMunpBdlVzYpEdJSaV7WM7O0jf8uyDjirxXLZRNZ+tAC+NzD3PXPEtliFwGzVwBBdCmGuSqiS9DWcOLxQ9tw==}
    peerDependencies:
      react: '>=16.11.0'
      react-dom: '>=16.11.0'
    dependencies:
      '@babel/runtime': 7.22.5
      '@rc-component/trigger': 1.14.1(react-dom@18.2.0)(react@18.2.0)
      classnames: 2.3.2
      rc-util: 5.34.0(react-dom@18.2.0)(react@18.2.0)
      react: 18.2.0
      react-dom: 18.2.0(react@18.2.0)
    dev: false

  /rc-field-form@1.32.2(react-dom@18.2.0)(react@18.2.0):
    resolution: {integrity: sha512-SzqG1YGyD2P42ztZJ7qoPQp6FV9bD51RUdKGG/5xwybU1wbFdgWTqiMXkS8UR9L4GwXVMKh5PaF2I4EBXd/Rng==}
    engines: {node: '>=8.x'}
    peerDependencies:
      react: '>=16.9.0'
      react-dom: '>=16.9.0'
    dependencies:
      '@babel/runtime': 7.22.5
      async-validator: 4.2.5
      rc-util: 5.34.0(react-dom@18.2.0)(react@18.2.0)
      react: 18.2.0
      react-dom: 18.2.0(react@18.2.0)
    dev: false

  /rc-image@5.16.0(react-dom@18.2.0)(react@18.2.0):
    resolution: {integrity: sha512-11DOye57IgTXh2yTsmxFNynZJG3tdx8RZnnaqb38eYWrBPPyhVHIuURxyiSZ8B68lEUAggR7SBA0Zb95KP/CyQ==}
    peerDependencies:
      react: '>=16.9.0'
      react-dom: '>=16.9.0'
    dependencies:
      '@babel/runtime': 7.22.5
      '@rc-component/portal': 1.1.1(react-dom@18.2.0)(react@18.2.0)
      classnames: 2.3.2
      rc-dialog: 9.1.0(react-dom@18.2.0)(react@18.2.0)
      rc-motion: 2.7.3(react-dom@18.2.0)(react@18.2.0)
      rc-util: 5.34.0(react-dom@18.2.0)(react@18.2.0)
      react: 18.2.0
      react-dom: 18.2.0(react@18.2.0)
    dev: false

  /rc-input-number@7.4.2(react-dom@18.2.0)(react@18.2.0):
    resolution: {integrity: sha512-yGturTw7WGP+M1GbJ+UTAO7L4buxeW6oilhL9Sq3DezsRS8/9qec4UiXUbeoiX9bzvRXH11JvgskBtxSp4YSNg==}
    peerDependencies:
      react: '>=16.9.0'
      react-dom: '>=16.9.0'
    dependencies:
      '@babel/runtime': 7.22.5
      '@rc-component/mini-decimal': 1.1.0
      classnames: 2.3.2
      rc-util: 5.34.0(react-dom@18.2.0)(react@18.2.0)
      react: 18.2.0
      react-dom: 18.2.0(react@18.2.0)
    dev: false

  /rc-input@1.0.4(react-dom@18.2.0)(react@18.2.0):
    resolution: {integrity: sha512-clY4oneVHRtKHYf/HCxT/MO+4BGzCIywSNLosXWOm7fcQAS0jQW7n0an8Raa8JMB8kpxc8m28p7SNwFZmlMj6g==}
    peerDependencies:
      react: '>=16.0.0'
      react-dom: '>=16.0.0'
    dependencies:
      '@babel/runtime': 7.22.5
      classnames: 2.3.2
      rc-util: 5.34.0(react-dom@18.2.0)(react@18.2.0)
      react: 18.2.0
      react-dom: 18.2.0(react@18.2.0)
    dev: false

  /rc-mentions@2.2.0(react-dom@18.2.0)(react@18.2.0):
    resolution: {integrity: sha512-R7ncCldr02uKgJBBPlXdtnOGQIjZ9C3uoIMi4fabU3CPFdmefYlNF6QM4u2AzgcGt8V0KkoHTN5T6HPdUpet8g==}
    peerDependencies:
      react: '>=16.9.0'
      react-dom: '>=16.9.0'
    dependencies:
      '@babel/runtime': 7.22.5
      '@rc-component/trigger': 1.14.1(react-dom@18.2.0)(react@18.2.0)
      classnames: 2.3.2
      rc-input: 1.0.4(react-dom@18.2.0)(react@18.2.0)
      rc-menu: 9.8.4(react-dom@18.2.0)(react@18.2.0)
      rc-textarea: 1.2.3(react-dom@18.2.0)(react@18.2.0)
      rc-util: 5.34.0(react-dom@18.2.0)(react@18.2.0)
      react: 18.2.0
      react-dom: 18.2.0(react@18.2.0)
    dev: false

  /rc-menu@9.8.4(react-dom@18.2.0)(react@18.2.0):
    resolution: {integrity: sha512-lmw2j8I2fhdIzHmC9ajfImfckt0WDb2KVJJBBRIsxPEw2kGkEfjLMUoB1NgiNT/Q5cC8PdjGOGQjHJIJMwyNMw==}
    peerDependencies:
      react: '>=16.9.0'
      react-dom: '>=16.9.0'
    dependencies:
      '@babel/runtime': 7.22.5
      classnames: 2.3.2
      rc-motion: 2.7.3(react-dom@18.2.0)(react@18.2.0)
      rc-overflow: 1.3.1(react-dom@18.2.0)(react@18.2.0)
      rc-trigger: 5.3.4(react-dom@18.2.0)(react@18.2.0)
      rc-util: 5.34.0(react-dom@18.2.0)(react@18.2.0)
      react: 18.2.0
      react-dom: 18.2.0(react@18.2.0)
    dev: false

  /rc-motion@2.7.3(react-dom@18.2.0)(react@18.2.0):
    resolution: {integrity: sha512-2xUvo8yGHdOHeQbdI8BtBsCIrWKchEmFEIskf0nmHtJsou+meLd/JE+vnvSX2JxcBrJtXY2LuBpxAOxrbY/wMQ==}
    peerDependencies:
      react: '>=16.9.0'
      react-dom: '>=16.9.0'
    dependencies:
      '@babel/runtime': 7.22.5
      classnames: 2.3.2
      rc-util: 5.34.0(react-dom@18.2.0)(react@18.2.0)
      react: 18.2.0
      react-dom: 18.2.0(react@18.2.0)
    dev: false

  /rc-notification@5.0.4(react-dom@18.2.0)(react@18.2.0):
    resolution: {integrity: sha512-3535oellIRlt1LspERfK8yvCqb8Gio3R02rULciaSc1xe3H7ArTU/khlUTv1ddGzua4HhmF4D4Rwz/+mBxETvg==}
    engines: {node: '>=8.x'}
    peerDependencies:
      react: '>=16.9.0'
      react-dom: '>=16.9.0'
    dependencies:
      '@babel/runtime': 7.22.5
      classnames: 2.3.2
      rc-motion: 2.7.3(react-dom@18.2.0)(react@18.2.0)
      rc-util: 5.34.0(react-dom@18.2.0)(react@18.2.0)
      react: 18.2.0
      react-dom: 18.2.0(react@18.2.0)
    dev: false

  /rc-overflow@1.3.1(react-dom@18.2.0)(react@18.2.0):
    resolution: {integrity: sha512-RY0nVBlfP9CkxrpgaLlGzkSoh9JhjJLu6Icqs9E7CW6Ewh9s0peF9OHIex4OhfoPsR92LR0fN6BlCY9Z4VoUtA==}
    peerDependencies:
      react: '>=16.9.0'
      react-dom: '>=16.9.0'
    dependencies:
      '@babel/runtime': 7.22.5
      classnames: 2.3.2
      rc-resize-observer: 1.3.1(react-dom@18.2.0)(react@18.2.0)
      rc-util: 5.34.0(react-dom@18.2.0)(react@18.2.0)
      react: 18.2.0
      react-dom: 18.2.0(react@18.2.0)
    dev: false

  /rc-pagination@3.4.2(react-dom@18.2.0)(react@18.2.0):
    resolution: {integrity: sha512-arFQKD15h26+rSXRnQNA8b/tHy98/853W/leXkas2WlViOYG5A2qgEg7CRX64GKb9TqJjdqnDzaMAvl0qF4Tig==}
    peerDependencies:
      react: '>=16.9.0'
      react-dom: '>=16.9.0'
    dependencies:
      '@babel/runtime': 7.22.5
      classnames: 2.3.2
      react: 18.2.0
      react-dom: 18.2.0(react@18.2.0)
    dev: false

  /rc-picker@3.7.6(dayjs@1.11.9)(react-dom@18.2.0)(react@18.2.0):
    resolution: {integrity: sha512-v84wVXjgx5hQ5vTLjMeMMtj6+gn480Gqzwur2A2+o8+eFnhY4jKmuqzHmD8sEevrz0WT/j1pLHFxAV8/lksI2A==}
    engines: {node: '>=8.x'}
    peerDependencies:
      date-fns: '>= 2.x'
      dayjs: '>= 1.x'
      luxon: '>= 3.x'
      moment: '>= 2.x'
      react: '>=16.9.0'
      react-dom: '>=16.9.0'
    peerDependenciesMeta:
      date-fns:
        optional: true
      dayjs:
        optional: true
      luxon:
        optional: true
      moment:
        optional: true
    dependencies:
      '@babel/runtime': 7.22.5
      '@rc-component/trigger': 1.14.1(react-dom@18.2.0)(react@18.2.0)
      classnames: 2.3.2
      dayjs: 1.11.9
      rc-util: 5.34.0(react-dom@18.2.0)(react@18.2.0)
      react: 18.2.0
      react-dom: 18.2.0(react@18.2.0)
    dev: false

  /rc-progress@3.4.2(react-dom@18.2.0)(react@18.2.0):
    resolution: {integrity: sha512-iAGhwWU+tsayP+Jkl9T4+6rHeQTG9kDz8JAHZk4XtQOcYN5fj9H34NXNEdRdZx94VUDHMqCb1yOIvi8eJRh67w==}
    peerDependencies:
      react: '>=16.9.0'
      react-dom: '>=16.9.0'
    dependencies:
      '@babel/runtime': 7.22.5
      classnames: 2.3.2
      rc-util: 5.34.0(react-dom@18.2.0)(react@18.2.0)
      react: 18.2.0
      react-dom: 18.2.0(react@18.2.0)
    dev: false

  /rc-rate@2.10.0(react-dom@18.2.0)(react@18.2.0):
    resolution: {integrity: sha512-TCjEpKPeN1m0EnGDDbb1KyxjNTJRzoReiPdtbrBJEey4Ryf/UGOQ6vqmz2yC6DJdYVDVUoZPdoz043ryh0t/nQ==}
    engines: {node: '>=8.x'}
    peerDependencies:
      react: '>=16.9.0'
      react-dom: '>=16.9.0'
    dependencies:
      '@babel/runtime': 7.22.5
      classnames: 2.3.2
      rc-util: 5.34.0(react-dom@18.2.0)(react@18.2.0)
      react: 18.2.0
      react-dom: 18.2.0(react@18.2.0)
    dev: false

  /rc-resize-observer@1.3.1(react-dom@18.2.0)(react@18.2.0):
    resolution: {integrity: sha512-iFUdt3NNhflbY3mwySv5CA1TC06zdJ+pfo0oc27xpf4PIOvfZwZGtD9Kz41wGYqC4SLio93RVAirSSpYlV/uYg==}
    peerDependencies:
      react: '>=16.9.0'
      react-dom: '>=16.9.0'
    dependencies:
      '@babel/runtime': 7.22.5
      classnames: 2.3.2
      rc-util: 5.34.0(react-dom@18.2.0)(react@18.2.0)
      react: 18.2.0
      react-dom: 18.2.0(react@18.2.0)
      resize-observer-polyfill: 1.5.1
    dev: false

  /rc-segmented@2.2.2(react-dom@18.2.0)(react@18.2.0):
    resolution: {integrity: sha512-Mq52M96QdHMsNdE/042ibT5vkcGcD5jxKp7HgPC2SRofpia99P5fkfHy1pEaajLMF/kj0+2Lkq1UZRvqzo9mSA==}
    peerDependencies:
      react: '>=16.0.0'
      react-dom: '>=16.0.0'
    dependencies:
      '@babel/runtime': 7.22.5
      classnames: 2.3.2
      rc-motion: 2.7.3(react-dom@18.2.0)(react@18.2.0)
      rc-util: 5.34.0(react-dom@18.2.0)(react@18.2.0)
      react: 18.2.0
      react-dom: 18.2.0(react@18.2.0)
    dev: false

  /rc-select@14.5.2(react-dom@18.2.0)(react@18.2.0):
    resolution: {integrity: sha512-Np/lDHvxCnVhVsheQjSV1I/OMJTWJf1n10wq8q1AGy3ytyYLfjNpi6uaz/pmjsbbiSddSWzJnNZCli9LmgBZsA==}
    engines: {node: '>=8.x'}
    peerDependencies:
      react: '*'
      react-dom: '*'
    dependencies:
      '@babel/runtime': 7.22.5
      '@rc-component/trigger': 1.14.1(react-dom@18.2.0)(react@18.2.0)
      classnames: 2.3.2
      rc-motion: 2.7.3(react-dom@18.2.0)(react@18.2.0)
      rc-overflow: 1.3.1(react-dom@18.2.0)(react@18.2.0)
      rc-util: 5.34.0(react-dom@18.2.0)(react@18.2.0)
      rc-virtual-list: 3.5.2(react-dom@18.2.0)(react@18.2.0)
      react: 18.2.0
      react-dom: 18.2.0(react@18.2.0)
    dev: false

  /rc-slider@10.1.1(react-dom@18.2.0)(react@18.2.0):
    resolution: {integrity: sha512-gn8oXazZISEhnmRinI89Z/JD/joAaM35jp+gDtIVSTD/JJMCCBqThqLk1SVJmvtfeiEF/kKaFY0+qt4SDHFUDw==}
    engines: {node: '>=8.x'}
    peerDependencies:
      react: '>=16.9.0'
      react-dom: '>=16.9.0'
    dependencies:
      '@babel/runtime': 7.22.5
      classnames: 2.3.2
      rc-util: 5.34.0(react-dom@18.2.0)(react@18.2.0)
      react: 18.2.0
      react-dom: 18.2.0(react@18.2.0)
    dev: false

  /rc-steps@6.0.0(react-dom@18.2.0)(react@18.2.0):
    resolution: {integrity: sha512-+KfMZIty40mYCQSDvYbZ1jwnuObLauTiIskT1hL4FFOBHP6ZOr8LK0m143yD3kEN5XKHSEX1DIwCj3AYZpoeNQ==}
    engines: {node: '>=8.x'}
    peerDependencies:
      react: '>=16.9.0'
      react-dom: '>=16.9.0'
    dependencies:
      '@babel/runtime': 7.22.5
      classnames: 2.3.2
      rc-util: 5.34.0(react-dom@18.2.0)(react@18.2.0)
      react: 18.2.0
      react-dom: 18.2.0(react@18.2.0)
    dev: false

  /rc-switch@4.1.0(react-dom@18.2.0)(react@18.2.0):
    resolution: {integrity: sha512-TI8ufP2Az9oEbvyCeVE4+90PDSljGyuwix3fV58p7HV2o4wBnVToEyomJRVyTaZeqNPAp+vqeo4Wnj5u0ZZQBg==}
    peerDependencies:
      react: '>=16.9.0'
      react-dom: '>=16.9.0'
    dependencies:
      '@babel/runtime': 7.22.5
      classnames: 2.3.2
      rc-util: 5.34.0(react-dom@18.2.0)(react@18.2.0)
      react: 18.2.0
      react-dom: 18.2.0(react@18.2.0)
    dev: false

  /rc-table@7.32.1(react-dom@18.2.0)(react@18.2.0):
    resolution: {integrity: sha512-fHMQteKMocUC9I9Vex3eBLH7QsiaMR/qtzh3B1Ty2PoNGwVTwVdDFyRL05zch+JU3KnNNczgQeVvtf/p//gdrQ==}
    engines: {node: '>=8.x'}
    peerDependencies:
      react: '>=16.9.0'
      react-dom: '>=16.9.0'
    dependencies:
      '@babel/runtime': 7.22.5
      '@rc-component/context': 1.3.0(react-dom@18.2.0)(react@18.2.0)
      classnames: 2.3.2
      rc-resize-observer: 1.3.1(react-dom@18.2.0)(react@18.2.0)
      rc-util: 5.34.0(react-dom@18.2.0)(react@18.2.0)
      react: 18.2.0
      react-dom: 18.2.0(react@18.2.0)
    dev: false

  /rc-tabs@12.6.0(react-dom@18.2.0)(react@18.2.0):
    resolution: {integrity: sha512-L9yIptdrmft573MEsc+xKoGbXzfg3V6NYvgT0sNh+PSzWaeF34W7CIPi98lcWjtsYB80oFMOcAXRilUFxLHTaA==}
    engines: {node: '>=8.x'}
    peerDependencies:
      react: '>=16.9.0'
      react-dom: '>=16.9.0'
    dependencies:
      '@babel/runtime': 7.22.5
      classnames: 2.3.2
      rc-dropdown: 4.1.0(react-dom@18.2.0)(react@18.2.0)
      rc-menu: 9.8.4(react-dom@18.2.0)(react@18.2.0)
      rc-motion: 2.7.3(react-dom@18.2.0)(react@18.2.0)
      rc-resize-observer: 1.3.1(react-dom@18.2.0)(react@18.2.0)
      rc-util: 5.34.0(react-dom@18.2.0)(react@18.2.0)
      react: 18.2.0
      react-dom: 18.2.0(react@18.2.0)
    dev: false

  /rc-textarea@1.2.3(react-dom@18.2.0)(react@18.2.0):
    resolution: {integrity: sha512-YvN8IskIVBRRzcS4deT0VAMim31+T3IoVX4yoCJ+b/iVCvw7yf0usR7x8OaHiUOUoURKcn/3lfGjmtzplcy99g==}
    peerDependencies:
      react: '>=16.9.0'
      react-dom: '>=16.9.0'
    dependencies:
      '@babel/runtime': 7.22.5
      classnames: 2.3.2
      rc-input: 1.0.4(react-dom@18.2.0)(react@18.2.0)
      rc-resize-observer: 1.3.1(react-dom@18.2.0)(react@18.2.0)
      rc-util: 5.34.0(react-dom@18.2.0)(react@18.2.0)
      react: 18.2.0
      react-dom: 18.2.0(react@18.2.0)
    dev: false

  /rc-tooltip@6.0.1(react-dom@18.2.0)(react@18.2.0):
    resolution: {integrity: sha512-MdvPlsD1fDSxKp9+HjXrc/CxLmA/s11QYIh1R7aExxfodKP7CZA++DG1AjrW80F8IUdHYcR43HAm0Y2BYPelHA==}
    peerDependencies:
      react: '>=16.9.0'
      react-dom: '>=16.9.0'
    dependencies:
      '@babel/runtime': 7.22.5
      '@rc-component/trigger': 1.14.1(react-dom@18.2.0)(react@18.2.0)
      classnames: 2.3.2
      react: 18.2.0
      react-dom: 18.2.0(react@18.2.0)
    dev: false

  /rc-tree-select@5.9.0(react-dom@18.2.0)(react@18.2.0):
    resolution: {integrity: sha512-oh3blESzLfLCBPSiVDtZ2irzrWWZUMeHvnSwRvFo79br8Z+K/1OhXhXBZmROvfKwaH8YUugAQy8B2j5EGQbdyA==}
    peerDependencies:
      react: '*'
      react-dom: '*'
    dependencies:
      '@babel/runtime': 7.22.5
      classnames: 2.3.2
      rc-select: 14.5.2(react-dom@18.2.0)(react@18.2.0)
      rc-tree: 5.7.8(react-dom@18.2.0)(react@18.2.0)
      rc-util: 5.34.0(react-dom@18.2.0)(react@18.2.0)
      react: 18.2.0
      react-dom: 18.2.0(react@18.2.0)
    dev: false

  /rc-tree@5.7.8(react-dom@18.2.0)(react@18.2.0):
    resolution: {integrity: sha512-Ei+wID0SWA8BNCdEMO6UMblHs/jnSRDqz7csWXZ0o5VB08iDhxVnF+VHYTGDsJ9pARJ2xEXfjyTksOkEx5R4RQ==}
    engines: {node: '>=10.x'}
    peerDependencies:
      react: '*'
      react-dom: '*'
    dependencies:
      '@babel/runtime': 7.22.5
      classnames: 2.3.2
      rc-motion: 2.7.3(react-dom@18.2.0)(react@18.2.0)
      rc-util: 5.34.0(react-dom@18.2.0)(react@18.2.0)
      rc-virtual-list: 3.5.2(react-dom@18.2.0)(react@18.2.0)
      react: 18.2.0
      react-dom: 18.2.0(react@18.2.0)
    dev: false

  /rc-trigger@5.3.4(react-dom@18.2.0)(react@18.2.0):
    resolution: {integrity: sha512-mQv+vas0TwKcjAO2izNPkqR4j86OemLRmvL2nOzdP9OWNWA1ivoTt5hzFqYNW9zACwmTezRiN8bttrC7cZzYSw==}
    engines: {node: '>=8.x'}
    peerDependencies:
      react: '>=16.9.0'
      react-dom: '>=16.9.0'
    dependencies:
      '@babel/runtime': 7.22.5
      classnames: 2.3.2
      rc-align: 4.0.15(react-dom@18.2.0)(react@18.2.0)
      rc-motion: 2.7.3(react-dom@18.2.0)(react@18.2.0)
      rc-util: 5.34.0(react-dom@18.2.0)(react@18.2.0)
      react: 18.2.0
      react-dom: 18.2.0(react@18.2.0)
    dev: false

  /rc-upload@4.3.4(react-dom@18.2.0)(react@18.2.0):
    resolution: {integrity: sha512-uVbtHFGNjHG/RyAfm9fluXB6pvArAGyAx8z7XzXXyorEgVIWj6mOlriuDm0XowDHYz4ycNK0nE0oP3cbFnzxiQ==}
    peerDependencies:
      react: '>=16.9.0'
      react-dom: '>=16.9.0'
    dependencies:
      '@babel/runtime': 7.22.5
      classnames: 2.3.2
      rc-util: 5.34.0(react-dom@18.2.0)(react@18.2.0)
      react: 18.2.0
      react-dom: 18.2.0(react@18.2.0)
    dev: false

  /rc-util@5.34.0(react-dom@18.2.0)(react@18.2.0):
    resolution: {integrity: sha512-+zCDJ1gq+KwqbaZPAk7PGlNAssoTcnZSnTsr5KMYDBhzdPNFxyuglnewWMP5PyP/kAC6uW4r9Ejc08M+Lei04A==}
    peerDependencies:
      react: '>=16.9.0'
      react-dom: '>=16.9.0'
    dependencies:
      '@babel/runtime': 7.22.5
      react: 18.2.0
      react-dom: 18.2.0(react@18.2.0)
      react-is: 16.13.1
    dev: false

  /rc-virtual-list@3.5.2(react-dom@18.2.0)(react@18.2.0):
    resolution: {integrity: sha512-sE2G9hTPjVmatQni8OP2Kx33+Oth6DMKm67OblBBmgMBJDJQOOFpSGH7KZ6Pm85rrI2IGxDRXZCr0QhYOH2pfQ==}
    engines: {node: '>=8.x'}
    peerDependencies:
      react: '*'
      react-dom: '*'
    dependencies:
      '@babel/runtime': 7.22.5
      classnames: 2.3.2
      rc-resize-observer: 1.3.1(react-dom@18.2.0)(react@18.2.0)
      rc-util: 5.34.0(react-dom@18.2.0)(react@18.2.0)
      react: 18.2.0
      react-dom: 18.2.0(react@18.2.0)
    dev: false

  /react-dom@18.2.0(react@18.2.0):
    resolution: {integrity: sha512-6IMTriUmvsjHUjNtEDudZfuDQUoWXVxKHhlEGSk81n4YFS+r/Kl99wXiwlVXtPBtJenozv2P+hxDsw9eA7Xo6g==}
    peerDependencies:
      react: ^18.2.0
    dependencies:
      loose-envify: 1.4.0
      react: 18.2.0
      scheduler: 0.23.0
    dev: false

  /react-is@16.13.1:
    resolution: {integrity: sha512-24e6ynE2H+OKt4kqsOvNd8kBpV65zoxbA4BVsEOB3ARVWQki/DHzaUoC5KuON/BiccDaCCTZBuOcfZs70kR8bQ==}
    dev: false

  /react@18.2.0:
    resolution: {integrity: sha512-/3IjMdb2L9QbBdWiW5e3P2/npwMBaU9mHCSCUzNln0ZCYbcfTsGbTJrU/kGemdH2IWmB2ioZ+zkxtmq6g09fGQ==}
    engines: {node: '>=0.10.0'}
    dependencies:
      loose-envify: 1.4.0
    dev: false

  /regenerator-runtime@0.13.11:
    resolution: {integrity: sha512-kY1AZVr2Ra+t+piVaJ4gxaFaReZVH40AKNo7UCX6W+dEwBo/2oZJzqfuN1qLq1oL45o56cPaTXELwrTh8Fpggg==}
    dev: false

  /resize-observer-polyfill@1.5.1:
    resolution: {integrity: sha512-LwZrotdHOo12nQuZlHEmtuXdqGoOD0OhaxopaNFxWzInpEgaLWoVuAMbTzixuosCx2nEG58ngzW3vxdWoxIgdg==}
    dev: false

  /scheduler@0.23.0:
    resolution: {integrity: sha512-CtuThmgHNg7zIZWAXi3AsyIzA3n4xx7aNyjwC2VJldO2LMVDhFK+63xGqq6CsJH4rTAt6/M+N4GhZiDYPx9eUw==}
    dependencies:
      loose-envify: 1.4.0
    dev: false

  /scroll-into-view-if-needed@3.0.10:
    resolution: {integrity: sha512-t44QCeDKAPf1mtQH3fYpWz8IM/DyvHLjs8wUvvwMYxk5moOqCzrMSxK6HQVD0QVmVjXFavoFIPRVrMuJPKAvtg==}
    dependencies:
      compute-scroll-into-view: 3.0.3
    dev: false

  /source-map-js@1.0.2:
    resolution: {integrity: sha512-R0XvVJ9WusLiqTCEiGCmICCMplcCkIwwR11mOSD9CR5u+IXYdiseeEuXCVAjS54zqwkLcPNnmU4OeJ6tUrWhDw==}
    engines: {node: '>=0.10.0'}
    dev: false

  /streamsearch@1.1.0:
    resolution: {integrity: sha512-Mcc5wHehp9aXz1ax6bZUyY5afg9u2rv5cqQI3mRrYkGC8rW2hM02jWuwjtL++LS5qinSyhj2QfLyNsuc+VsExg==}
    engines: {node: '>=10.0.0'}
    dev: false

  /string-convert@0.2.1:
    resolution: {integrity: sha512-u/1tdPl4yQnPBjnVrmdLo9gtuLvELKsAoRapekWggdiQNvvvum+jYF329d84NAa660KQw7pB2n36KrIKVoXa3A==}
    dev: false

  /styled-jsx@5.1.1(react@18.2.0):
    resolution: {integrity: sha512-pW7uC1l4mBZ8ugbiZrcIsiIvVx1UmTfw7UkC3Um2tmfUq9Bhk8IiyEIPl6F8agHgjzku6j0xQEZbfA5uSgSaCw==}
    engines: {node: '>= 12.0.0'}
    peerDependencies:
      '@babel/core': '*'
      babel-plugin-macros: '*'
      react: '>= 16.8.0 || 17.x.x || ^18.0.0-0'
    peerDependenciesMeta:
      '@babel/core':
        optional: true
      babel-plugin-macros:
        optional: true
    dependencies:
      client-only: 0.0.1
      react: 18.2.0
    dev: false

  /stylis@4.3.0:
    resolution: {integrity: sha512-E87pIogpwUsUwXw7dNyU4QDjdgVMy52m+XEOPEKUn161cCzWjjhPSQhByfd1CcNvrOLnXQ6OnnZDwnJrz/Z4YQ==}
    dev: false

  /throttle-debounce@5.0.0:
    resolution: {integrity: sha512-2iQTSgkkc1Zyk0MeVrt/3BvuOXYPl/R8Z0U2xxo9rjwNciaHDG3R+Lm6dh4EeUci49DanvBnuqI6jshoQQRGEg==}
    engines: {node: '>=12.22'}
    dev: false

  /toggle-selection@1.0.6:
    resolution: {integrity: sha512-BiZS+C1OS8g/q2RRbJmy59xpyghNBqrr6k5L/uKBGRsTfxmu3ffiRnd8mlGPUVayg8pvfi5urfnu8TU7DVOkLQ==}
    dev: false

  /tslib@2.6.0:
    resolution: {integrity: sha512-7At1WUettjcSRHXCyYtTselblcHl9PJFFVKiCAy/bY97+BPZXSQ2wbq0P9s8tK2G7dFQfNnlJnPAiArVBVBsfA==}
    dev: false

  /typescript@5.0.4:
    resolution: {integrity: sha512-cW9T5W9xY37cc+jfEnaUvX91foxtHkza3Nw3wkoF4sSlKn0MONdkdEndig/qPBWXNkmplh3NzayQzCiHM4/hqw==}
    engines: {node: '>=12.20'}
    hasBin: true
    dev: true

  /zod@3.21.4:
    resolution: {integrity: sha512-m46AKbrzKVzOzs/DZgVnG5H55N1sv1M8qZU3A8RIKbs3mrACDNeIOeilDymVb2HdmP8uwshOCF4uJ8uM9rCqJw==}
    dev: false
